// !$*UTF8*$!
{
	archiveVersion = 1;
	classes = {
	};
	objectVersion = 56;
	objects = {

/* Begin PBXBuildFile section */
		0082761D2AC7453F0079359B /* TesteView.swift in Sources */ = {isa = PBXBuildFile; fileRef = 0082761C2AC7453F0079359B /* TesteView.swift */; };
		3B1ACD982AC1F0D600240FA5 /* AppForTabsApp.swift in Sources */ = {isa = PBXBuildFile; fileRef = 3B1ACD972AC1F0D600240FA5 /* AppForTabsApp.swift */; };
		3B1ACD9A2AC1F0D600240FA5 /* ContentView.swift in Sources */ = {isa = PBXBuildFile; fileRef = 3B1ACD992AC1F0D600240FA5 /* ContentView.swift */; };
		3B1ACD9C2AC1F0D700240FA5 /* Assets.xcassets in Resources */ = {isa = PBXBuildFile; fileRef = 3B1ACD9B2AC1F0D700240FA5 /* Assets.xcassets */; };
		3B1ACD9F2AC1F0D700240FA5 /* Preview Assets.xcassets in Resources */ = {isa = PBXBuildFile; fileRef = 3B1ACD9E2AC1F0D700240FA5 /* Preview Assets.xcassets */; };
		3B2115992AC5F112005B796F /* StringView.swift in Sources */ = {isa = PBXBuildFile; fileRef = 3B2115982AC5F112005B796F /* StringView.swift */; };
		3B21159C2AC5FC04005B796F /* Model.xcdatamodeld in Sources */ = {isa = PBXBuildFile; fileRef = 3B21159A2AC5FC04005B796F /* Model.xcdatamodeld */; };
		3B21159F2AC5FDA5005B796F /* DataController.swift in Sources */ = {isa = PBXBuildFile; fileRef = 3B21159E2AC5FDA5005B796F /* DataController.swift */; };
		3B2115A12AC60550005B796F /* TutorialController.swift in Sources */ = {isa = PBXBuildFile; fileRef = 3B2115A02AC60550005B796F /* TutorialController.swift */; };
		3B81D4AF2AC3549600EE61BC /* SofiaSans.ttf in Resources */ = {isa = PBXBuildFile; fileRef = 3B81D4AE2AC3549600EE61BC /* SofiaSans.ttf */; };
		3BBAD6752AC367A10012B3C8 /* DataService.swift in Sources */ = {isa = PBXBuildFile; fileRef = 3BBAD6742AC367A10012B3C8 /* DataService.swift */; };
		3BBAD6792AC368A90012B3C8 /* HomeView.swift in Sources */ = {isa = PBXBuildFile; fileRef = 3BBAD6782AC368A90012B3C8 /* HomeView.swift */; };
		3BBAD67D2AC368E10012B3C8 /* ViewModel.swift in Sources */ = {isa = PBXBuildFile; fileRef = 3BBAD67C2AC368E10012B3C8 /* ViewModel.swift */; };
		3BBAD6802AC3690D0012B3C8 /* TablatureView.swift in Sources */ = {isa = PBXBuildFile; fileRef = 3BBAD67F2AC3690D0012B3C8 /* TablatureView.swift */; };
		3BBAD6822AC3691B0012B3C8 /* TutorialView.swift in Sources */ = {isa = PBXBuildFile; fileRef = 3BBAD6812AC3691B0012B3C8 /* TutorialView.swift */; };
		3BBAD6842AC369870012B3C8 /* CardsHome.swift in Sources */ = {isa = PBXBuildFile; fileRef = 3BBAD6832AC369870012B3C8 /* CardsHome.swift */; };
		3BBAD6892AC37B1C0012B3C8 /* PageView.swift in Sources */ = {isa = PBXBuildFile; fileRef = 3BBAD6882AC37B1C0012B3C8 /* PageView.swift */; };
		3BCB4B7A2AC7445B006F3C1B /* SeeAgainController.swift in Sources */ = {isa = PBXBuildFile; fileRef = 3BCB4B792AC7445B006F3C1B /* SeeAgainController.swift */; };
		3BE885812AC74BCE008AA004 /* FretView.swift in Sources */ = {isa = PBXBuildFile; fileRef = 3BE885802AC74BCE008AA004 /* FretView.swift */; };
		3BE885842ACB3EA7008AA004 /* StageFretView.swift in Sources */ = {isa = PBXBuildFile; fileRef = 3BE885832ACB3EA7008AA004 /* StageFretView.swift */; };
		3BE885862ACB4A23008AA004 /* CongratulationsSheetView.swift in Sources */ = {isa = PBXBuildFile; fileRef = 3BE885852ACB4A23008AA004 /* CongratulationsSheetView.swift */; };
/* End PBXBuildFile section */

/* Begin PBXFileReference section */
		0082761C2AC7453F0079359B /* TesteView.swift */ = {isa = PBXFileReference; lastKnownFileType = sourcecode.swift; path = TesteView.swift; sourceTree = "<group>"; };
		3B1ACD942AC1F0D600240FA5 /* AppForTabs.app */ = {isa = PBXFileReference; explicitFileType = wrapper.application; includeInIndex = 0; path = AppForTabs.app; sourceTree = BUILT_PRODUCTS_DIR; };
		3B1ACD972AC1F0D600240FA5 /* AppForTabsApp.swift */ = {isa = PBXFileReference; lastKnownFileType = sourcecode.swift; path = AppForTabsApp.swift; sourceTree = "<group>"; };
		3B1ACD992AC1F0D600240FA5 /* ContentView.swift */ = {isa = PBXFileReference; lastKnownFileType = sourcecode.swift; path = ContentView.swift; sourceTree = "<group>"; };
		3B1ACD9B2AC1F0D700240FA5 /* Assets.xcassets */ = {isa = PBXFileReference; lastKnownFileType = folder.assetcatalog; path = Assets.xcassets; sourceTree = "<group>"; };
		3B1ACD9E2AC1F0D700240FA5 /* Preview Assets.xcassets */ = {isa = PBXFileReference; lastKnownFileType = folder.assetcatalog; path = "Preview Assets.xcassets"; sourceTree = "<group>"; };
		3B2115982AC5F112005B796F /* StringView.swift */ = {isa = PBXFileReference; lastKnownFileType = sourcecode.swift; path = StringView.swift; sourceTree = "<group>"; };
		3B21159B2AC5FC04005B796F /* Model.xcdatamodel */ = {isa = PBXFileReference; lastKnownFileType = wrapper.xcdatamodel; path = Model.xcdatamodel; sourceTree = "<group>"; };
		3B21159E2AC5FDA5005B796F /* DataController.swift */ = {isa = PBXFileReference; lastKnownFileType = sourcecode.swift; path = DataController.swift; sourceTree = "<group>"; };
		3B2115A02AC60550005B796F /* TutorialController.swift */ = {isa = PBXFileReference; lastKnownFileType = sourcecode.swift; path = TutorialController.swift; sourceTree = "<group>"; };
		3B81D4AE2AC3549600EE61BC /* SofiaSans.ttf */ = {isa = PBXFileReference; lastKnownFileType = file; path = SofiaSans.ttf; sourceTree = "<group>"; };
		3BA977BB2AC3530E0062ADD3 /* Info.plist */ = {isa = PBXFileReference; lastKnownFileType = text.plist.xml; path = Info.plist; sourceTree = "<group>"; };
		3BBAD6742AC367A10012B3C8 /* DataService.swift */ = {isa = PBXFileReference; lastKnownFileType = sourcecode.swift; path = DataService.swift; sourceTree = "<group>"; };
		3BBAD6782AC368A90012B3C8 /* HomeView.swift */ = {isa = PBXFileReference; lastKnownFileType = sourcecode.swift; path = HomeView.swift; sourceTree = "<group>"; };
		3BBAD67C2AC368E10012B3C8 /* ViewModel.swift */ = {isa = PBXFileReference; lastKnownFileType = sourcecode.swift; path = ViewModel.swift; sourceTree = "<group>"; };
		3BBAD67F2AC3690D0012B3C8 /* TablatureView.swift */ = {isa = PBXFileReference; lastKnownFileType = sourcecode.swift; path = TablatureView.swift; sourceTree = "<group>"; };
		3BBAD6812AC3691B0012B3C8 /* TutorialView.swift */ = {isa = PBXFileReference; lastKnownFileType = sourcecode.swift; path = TutorialView.swift; sourceTree = "<group>"; };
		3BBAD6832AC369870012B3C8 /* CardsHome.swift */ = {isa = PBXFileReference; lastKnownFileType = sourcecode.swift; path = CardsHome.swift; sourceTree = "<group>"; };
		3BBAD6882AC37B1C0012B3C8 /* PageView.swift */ = {isa = PBXFileReference; lastKnownFileType = sourcecode.swift; path = PageView.swift; sourceTree = "<group>"; };
		3BCB4B792AC7445B006F3C1B /* SeeAgainController.swift */ = {isa = PBXFileReference; lastKnownFileType = sourcecode.swift; path = SeeAgainController.swift; sourceTree = "<group>"; };
		3BE885802AC74BCE008AA004 /* FretView.swift */ = {isa = PBXFileReference; lastKnownFileType = sourcecode.swift; path = FretView.swift; sourceTree = "<group>"; };
		3BE885832ACB3EA7008AA004 /* StageFretView.swift */ = {isa = PBXFileReference; lastKnownFileType = sourcecode.swift; path = StageFretView.swift; sourceTree = "<group>"; };
		3BE885852ACB4A23008AA004 /* CongratulationsSheetView.swift */ = {isa = PBXFileReference; lastKnownFileType = sourcecode.swift; path = CongratulationsSheetView.swift; sourceTree = "<group>"; };
/* End PBXFileReference section */

/* Begin PBXFrameworksBuildPhase section */
		3B1ACD912AC1F0D600240FA5 /* Frameworks */ = {
			isa = PBXFrameworksBuildPhase;
			buildActionMask = 2147483647;
			files = (
			);
			runOnlyForDeploymentPostprocessing = 0;
		};
/* End PBXFrameworksBuildPhase section */

/* Begin PBXGroup section */
		3B1ACD8B2AC1F0D600240FA5 = {
			isa = PBXGroup;
			children = (
				3B21159A2AC5FC04005B796F /* Model.xcdatamodeld */,
				3B1ACD962AC1F0D600240FA5 /* AppForTabs */,
				3B1ACD952AC1F0D600240FA5 /* Products */,
			);
			sourceTree = "<group>";
		};
		3B1ACD952AC1F0D600240FA5 /* Products */ = {
			isa = PBXGroup;
			children = (
				3B1ACD942AC1F0D600240FA5 /* AppForTabs.app */,
			);
			name = Products;
			sourceTree = "<group>";
		};
		3B1ACD962AC1F0D600240FA5 /* AppForTabs */ = {
			isa = PBXGroup;
			children = (
				3B1ACD972AC1F0D600240FA5 /* AppForTabsApp.swift */,
				3BBAD6732AC367830012B3C8 /* DataServices */,
				3B21159D2AC5FD90005B796F /* Controller */,
				3BBAD6862AC369F20012B3C8 /* Model */,
				3BBAD6872AC36A0C0012B3C8 /* ViewModel */,
				3BBAD6852AC369DF0012B3C8 /* Views */,
				3BA977BB2AC3530E0062ADD3 /* Info.plist */,
				3B1ACD9B2AC1F0D700240FA5 /* Assets.xcassets */,
				3BA977B82AC352840062ADD3 /* Font */,
				3B1ACD9D2AC1F0D700240FA5 /* Preview Content */,
			);
			path = AppForTabs;
			sourceTree = "<group>";
		};
		3B1ACD9D2AC1F0D700240FA5 /* Preview Content */ = {
			isa = PBXGroup;
			children = (
				3B1ACD9E2AC1F0D700240FA5 /* Preview Assets.xcassets */,
			);
			path = "Preview Content";
			sourceTree = "<group>";
		};
		3B21159D2AC5FD90005B796F /* Controller */ = {
			isa = PBXGroup;
			children = (
				3B21159E2AC5FDA5005B796F /* DataController.swift */,
				3B2115A02AC60550005B796F /* TutorialController.swift */,
				3BCB4B792AC7445B006F3C1B /* SeeAgainController.swift */,
			);
			path = Controller;
			sourceTree = "<group>";
		};
		3BA977B82AC352840062ADD3 /* Font */ = {
			isa = PBXGroup;
			children = (
				3B81D4AE2AC3549600EE61BC /* SofiaSans.ttf */,
			);
			path = Font;
			sourceTree = "<group>";
		};
		3BBAD6732AC367830012B3C8 /* DataServices */ = {
			isa = PBXGroup;
			children = (
				3BBAD6742AC367A10012B3C8 /* DataService.swift */,
			);
			path = DataServices;
			sourceTree = "<group>";
		};
		3BBAD67E2AC368E90012B3C8 /* TutorialView */ = {
			isa = PBXGroup;
			children = (
				3BBAD6812AC3691B0012B3C8 /* TutorialView.swift */,
				3BBAD6882AC37B1C0012B3C8 /* PageView.swift */,
				3BBAD67F2AC3690D0012B3C8 /* TablatureView.swift */,
			);
			path = TutorialView;
			sourceTree = "<group>";
		};
		3BBAD6852AC369DF0012B3C8 /* Views */ = {
			isa = PBXGroup;
			children = (
				3B1ACD992AC1F0D600240FA5 /* ContentView.swift */,
				3BBAD6782AC368A90012B3C8 /* HomeView.swift */,
				0082761C2AC7453F0079359B /* TesteView.swift */,
				3B2115982AC5F112005B796F /* StringView.swift */,
				3BE885822ACB3E7B008AA004 /* FretView */,
				3BBAD67E2AC368E90012B3C8 /* TutorialView */,
			);
			path = Views;
			sourceTree = "<group>";
		};
		3BBAD6862AC369F20012B3C8 /* Model */ = {
			isa = PBXGroup;
			children = (
				3BBAD6832AC369870012B3C8 /* CardsHome.swift */,
			);
			path = Model;
			sourceTree = "<group>";
		};
		3BBAD6872AC36A0C0012B3C8 /* ViewModel */ = {
			isa = PBXGroup;
			children = (
				3BBAD67C2AC368E10012B3C8 /* ViewModel.swift */,
			);
			path = ViewModel;
			sourceTree = "<group>";
		};
		3BE885822ACB3E7B008AA004 /* FretView */ = {
			isa = PBXGroup;
			children = (
				3BE885802AC74BCE008AA004 /* FretView.swift */,
				3BE885832ACB3EA7008AA004 /* StageFretView.swift */,
				3BE885852ACB4A23008AA004 /* CongratulationsSheetView.swift */,
			);
			path = FretView;
			sourceTree = "<group>";
		};
/* End PBXGroup section */

/* Begin PBXNativeTarget section */
		3B1ACD932AC1F0D600240FA5 /* AppForTabs */ = {
			isa = PBXNativeTarget;
			buildConfigurationList = 3B1ACDA22AC1F0D700240FA5 /* Build configuration list for PBXNativeTarget "AppForTabs" */;
			buildPhases = (
				3B1ACD902AC1F0D600240FA5 /* Sources */,
				3B1ACD912AC1F0D600240FA5 /* Frameworks */,
				3B1ACD922AC1F0D600240FA5 /* Resources */,
			);
			buildRules = (
			);
			dependencies = (
			);
			name = AppForTabs;
			productName = AppForTabs;
			productReference = 3B1ACD942AC1F0D600240FA5 /* AppForTabs.app */;
			productType = "com.apple.product-type.application";
		};
/* End PBXNativeTarget section */

/* Begin PBXProject section */
		3B1ACD8C2AC1F0D600240FA5 /* Project object */ = {
			isa = PBXProject;
			attributes = {
				BuildIndependentTargetsInParallel = 1;
				LastSwiftUpdateCheck = 1500;
				LastUpgradeCheck = 1500;
				TargetAttributes = {
					3B1ACD932AC1F0D600240FA5 = {
						CreatedOnToolsVersion = 15.0;
					};
				};
			};
			buildConfigurationList = 3B1ACD8F2AC1F0D600240FA5 /* Build configuration list for PBXProject "AppForTabs" */;
			compatibilityVersion = "Xcode 14.0";
			developmentRegion = "pt-BR";
			hasScannedForEncodings = 0;
			knownRegions = (
				en,
				Base,
				"pt-BR",
			);
			mainGroup = 3B1ACD8B2AC1F0D600240FA5;
			productRefGroup = 3B1ACD952AC1F0D600240FA5 /* Products */;
			projectDirPath = "";
			projectRoot = "";
			targets = (
				3B1ACD932AC1F0D600240FA5 /* AppForTabs */,
			);
		};
/* End PBXProject section */

/* Begin PBXResourcesBuildPhase section */
		3B1ACD922AC1F0D600240FA5 /* Resources */ = {
			isa = PBXResourcesBuildPhase;
			buildActionMask = 2147483647;
			files = (
				3B1ACD9F2AC1F0D700240FA5 /* Preview Assets.xcassets in Resources */,
				3B81D4AF2AC3549600EE61BC /* SofiaSans.ttf in Resources */,
				3B1ACD9C2AC1F0D700240FA5 /* Assets.xcassets in Resources */,
			);
			runOnlyForDeploymentPostprocessing = 0;
		};
/* End PBXResourcesBuildPhase section */

/* Begin PBXSourcesBuildPhase section */
		3B1ACD902AC1F0D600240FA5 /* Sources */ = {
			isa = PBXSourcesBuildPhase;
			buildActionMask = 2147483647;
			files = (
				3B1ACD9A2AC1F0D600240FA5 /* ContentView.swift in Sources */,
				3B21159F2AC5FDA5005B796F /* DataController.swift in Sources */,
				3BE885842ACB3EA7008AA004 /* StageFretView.swift in Sources */,
				3BCB4B7A2AC7445B006F3C1B /* SeeAgainController.swift in Sources */,
				3BE885862ACB4A23008AA004 /* CongratulationsSheetView.swift in Sources */,
				3B2115992AC5F112005B796F /* StringView.swift in Sources */,
				3BBAD6792AC368A90012B3C8 /* HomeView.swift in Sources */,
				3BBAD6892AC37B1C0012B3C8 /* PageView.swift in Sources */,
				3BBAD6842AC369870012B3C8 /* CardsHome.swift in Sources */,
				3B1ACD982AC1F0D600240FA5 /* AppForTabsApp.swift in Sources */,
				3BBAD67D2AC368E10012B3C8 /* ViewModel.swift in Sources */,
				3BBAD6752AC367A10012B3C8 /* DataService.swift in Sources */,
				3BBAD6822AC3691B0012B3C8 /* TutorialView.swift in Sources */,
				0082761D2AC7453F0079359B /* TesteView.swift in Sources */,
				3BE885812AC74BCE008AA004 /* FretView.swift in Sources */,
				3B21159C2AC5FC04005B796F /* Model.xcdatamodeld in Sources */,
				3BBAD6802AC3690D0012B3C8 /* TablatureView.swift in Sources */,
				3B2115A12AC60550005B796F /* TutorialController.swift in Sources */,
			);
			runOnlyForDeploymentPostprocessing = 0;
		};
/* End PBXSourcesBuildPhase section */

/* Begin XCBuildConfiguration section */
		3B1ACDA02AC1F0D700240FA5 /* Debug */ = {
			isa = XCBuildConfiguration;
			buildSettings = {
				ALWAYS_SEARCH_USER_PATHS = NO;
				ASSETCATALOG_COMPILER_GENERATE_SWIFT_ASSET_SYMBOL_EXTENSIONS = YES;
				CLANG_ANALYZER_NONNULL = YES;
				CLANG_ANALYZER_NUMBER_OBJECT_CONVERSION = YES_AGGRESSIVE;
				CLANG_CXX_LANGUAGE_STANDARD = "gnu++20";
				CLANG_ENABLE_MODULES = YES;
				CLANG_ENABLE_OBJC_ARC = YES;
				CLANG_ENABLE_OBJC_WEAK = YES;
				CLANG_WARN_BLOCK_CAPTURE_AUTORELEASING = YES;
				CLANG_WARN_BOOL_CONVERSION = YES;
				CLANG_WARN_COMMA = YES;
				CLANG_WARN_CONSTANT_CONVERSION = YES;
				CLANG_WARN_DEPRECATED_OBJC_IMPLEMENTATIONS = YES;
				CLANG_WARN_DIRECT_OBJC_ISA_USAGE = YES_ERROR;
				CLANG_WARN_DOCUMENTATION_COMMENTS = YES;
				CLANG_WARN_EMPTY_BODY = YES;
				CLANG_WARN_ENUM_CONVERSION = YES;
				CLANG_WARN_INFINITE_RECURSION = YES;
				CLANG_WARN_INT_CONVERSION = YES;
				CLANG_WARN_NON_LITERAL_NULL_CONVERSION = YES;
				CLANG_WARN_OBJC_IMPLICIT_RETAIN_SELF = YES;
				CLANG_WARN_OBJC_LITERAL_CONVERSION = YES;
				CLANG_WARN_OBJC_ROOT_CLASS = YES_ERROR;
				CLANG_WARN_QUOTED_INCLUDE_IN_FRAMEWORK_HEADER = YES;
				CLANG_WARN_RANGE_LOOP_ANALYSIS = YES;
				CLANG_WARN_STRICT_PROTOTYPES = YES;
				CLANG_WARN_SUSPICIOUS_MOVE = YES;
				CLANG_WARN_UNGUARDED_AVAILABILITY = YES_AGGRESSIVE;
				CLANG_WARN_UNREACHABLE_CODE = YES;
				CLANG_WARN__DUPLICATE_METHOD_MATCH = YES;
				COPY_PHASE_STRIP = NO;
				DEBUG_INFORMATION_FORMAT = dwarf;
				ENABLE_STRICT_OBJC_MSGSEND = YES;
				ENABLE_TESTABILITY = YES;
				ENABLE_USER_SCRIPT_SANDBOXING = YES;
				GCC_C_LANGUAGE_STANDARD = gnu17;
				GCC_DYNAMIC_NO_PIC = NO;
				GCC_NO_COMMON_BLOCKS = YES;
				GCC_OPTIMIZATION_LEVEL = 0;
				GCC_PREPROCESSOR_DEFINITIONS = (
					"DEBUG=1",
					"$(inherited)",
				);
				GCC_WARN_64_TO_32_BIT_CONVERSION = YES;
				GCC_WARN_ABOUT_RETURN_TYPE = YES_ERROR;
				GCC_WARN_UNDECLARED_SELECTOR = YES;
				GCC_WARN_UNINITIALIZED_AUTOS = YES_AGGRESSIVE;
				GCC_WARN_UNUSED_FUNCTION = YES;
				GCC_WARN_UNUSED_VARIABLE = YES;
				IPHONEOS_DEPLOYMENT_TARGET = 17.0;
				LOCALIZATION_PREFERS_STRING_CATALOGS = YES;
				MTL_ENABLE_DEBUG_INFO = INCLUDE_SOURCE;
				MTL_FAST_MATH = YES;
				ONLY_ACTIVE_ARCH = YES;
				SDKROOT = iphoneos;
				SWIFT_ACTIVE_COMPILATION_CONDITIONS = "DEBUG $(inherited)";
				SWIFT_OPTIMIZATION_LEVEL = "-Onone";
			};
			name = Debug;
		};
		3B1ACDA12AC1F0D700240FA5 /* Release */ = {
			isa = XCBuildConfiguration;
			buildSettings = {
				ALWAYS_SEARCH_USER_PATHS = NO;
				ASSETCATALOG_COMPILER_GENERATE_SWIFT_ASSET_SYMBOL_EXTENSIONS = YES;
				CLANG_ANALYZER_NONNULL = YES;
				CLANG_ANALYZER_NUMBER_OBJECT_CONVERSION = YES_AGGRESSIVE;
				CLANG_CXX_LANGUAGE_STANDARD = "gnu++20";
				CLANG_ENABLE_MODULES = YES;
				CLANG_ENABLE_OBJC_ARC = YES;
				CLANG_ENABLE_OBJC_WEAK = YES;
				CLANG_WARN_BLOCK_CAPTURE_AUTORELEASING = YES;
				CLANG_WARN_BOOL_CONVERSION = YES;
				CLANG_WARN_COMMA = YES;
				CLANG_WARN_CONSTANT_CONVERSION = YES;
				CLANG_WARN_DEPRECATED_OBJC_IMPLEMENTATIONS = YES;
				CLANG_WARN_DIRECT_OBJC_ISA_USAGE = YES_ERROR;
				CLANG_WARN_DOCUMENTATION_COMMENTS = YES;
				CLANG_WARN_EMPTY_BODY = YES;
				CLANG_WARN_ENUM_CONVERSION = YES;
				CLANG_WARN_INFINITE_RECURSION = YES;
				CLANG_WARN_INT_CONVERSION = YES;
				CLANG_WARN_NON_LITERAL_NULL_CONVERSION = YES;
				CLANG_WARN_OBJC_IMPLICIT_RETAIN_SELF = YES;
				CLANG_WARN_OBJC_LITERAL_CONVERSION = YES;
				CLANG_WARN_OBJC_ROOT_CLASS = YES_ERROR;
				CLANG_WARN_QUOTED_INCLUDE_IN_FRAMEWORK_HEADER = YES;
				CLANG_WARN_RANGE_LOOP_ANALYSIS = YES;
				CLANG_WARN_STRICT_PROTOTYPES = YES;
				CLANG_WARN_SUSPICIOUS_MOVE = YES;
				CLANG_WARN_UNGUARDED_AVAILABILITY = YES_AGGRESSIVE;
				CLANG_WARN_UNREACHABLE_CODE = YES;
				CLANG_WARN__DUPLICATE_METHOD_MATCH = YES;
				COPY_PHASE_STRIP = NO;
				DEBUG_INFORMATION_FORMAT = "dwarf-with-dsym";
				ENABLE_NS_ASSERTIONS = NO;
				ENABLE_STRICT_OBJC_MSGSEND = YES;
				ENABLE_USER_SCRIPT_SANDBOXING = YES;
				GCC_C_LANGUAGE_STANDARD = gnu17;
				GCC_NO_COMMON_BLOCKS = YES;
				GCC_WARN_64_TO_32_BIT_CONVERSION = YES;
				GCC_WARN_ABOUT_RETURN_TYPE = YES_ERROR;
				GCC_WARN_UNDECLARED_SELECTOR = YES;
				GCC_WARN_UNINITIALIZED_AUTOS = YES_AGGRESSIVE;
				GCC_WARN_UNUSED_FUNCTION = YES;
				GCC_WARN_UNUSED_VARIABLE = YES;
				IPHONEOS_DEPLOYMENT_TARGET = 17.0;
				LOCALIZATION_PREFERS_STRING_CATALOGS = YES;
				MTL_ENABLE_DEBUG_INFO = NO;
				MTL_FAST_MATH = YES;
				SDKROOT = iphoneos;
				SWIFT_COMPILATION_MODE = wholemodule;
				VALIDATE_PRODUCT = YES;
			};
			name = Release;
		};
		3B1ACDA32AC1F0D700240FA5 /* Debug */ = {
			isa = XCBuildConfiguration;
			buildSettings = {
				ASSETCATALOG_COMPILER_APPICON_NAME = AppIcon;
				ASSETCATALOG_COMPILER_GLOBAL_ACCENT_COLOR_NAME = AccentColor;
				CODE_SIGN_STYLE = Automatic;
				CURRENT_PROJECT_VERSION = 1;
				DEVELOPMENT_ASSET_PATHS = "\"AppForTabs/Preview Content\"";
				DEVELOPMENT_TEAM = 6S6995TY46;
				ENABLE_PREVIEWS = YES;
				GENERATE_INFOPLIST_FILE = YES;
				INFOPLIST_FILE = AppForTabs/Info.plist;
				INFOPLIST_KEY_UIApplicationSceneManifest_Generation = YES;
				INFOPLIST_KEY_UIApplicationSupportsIndirectInputEvents = YES;
				INFOPLIST_KEY_UILaunchScreen_Generation = YES;
				INFOPLIST_KEY_UISupportedInterfaceOrientations_iPad = "UIInterfaceOrientationPortrait UIInterfaceOrientationPortraitUpsideDown UIInterfaceOrientationLandscapeLeft UIInterfaceOrientationLandscapeRight";
				INFOPLIST_KEY_UISupportedInterfaceOrientations_iPhone = "UIInterfaceOrientationPortrait UIInterfaceOrientationLandscapeLeft UIInterfaceOrientationLandscapeRight";
				LD_RUNPATH_SEARCH_PATHS = (
					"$(inherited)",
					"@executable_path/Frameworks",
				);
				MARKETING_VERSION = 1.0;
				PRODUCT_BUNDLE_IDENTIFIER = com.bonito.AppForTabs;
				PRODUCT_NAME = "$(TARGET_NAME)";
				SWIFT_EMIT_LOC_STRINGS = YES;
				SWIFT_VERSION = 5.0;
				TARGETED_DEVICE_FAMILY = "1,2";
			};
			name = Debug;
		};
		3B1ACDA42AC1F0D700240FA5 /* Release */ = {
			isa = XCBuildConfiguration;
			buildSettings = {
				ASSETCATALOG_COMPILER_APPICON_NAME = AppIcon;
				ASSETCATALOG_COMPILER_GLOBAL_ACCENT_COLOR_NAME = AccentColor;
				CODE_SIGN_STYLE = Automatic;
				CURRENT_PROJECT_VERSION = 1;
				DEVELOPMENT_ASSET_PATHS = "\"AppForTabs/Preview Content\"";
				DEVELOPMENT_TEAM = 6S6995TY46;
				ENABLE_PREVIEWS = YES;
				GENERATE_INFOPLIST_FILE = YES;
				INFOPLIST_FILE = AppForTabs/Info.plist;
				INFOPLIST_KEY_UIApplicationSceneManifest_Generation = YES;
				INFOPLIST_KEY_UIApplicationSupportsIndirectInputEvents = YES;
				INFOPLIST_KEY_UILaunchScreen_Generation = YES;
				INFOPLIST_KEY_UISupportedInterfaceOrientations_iPad = "UIInterfaceOrientationPortrait UIInterfaceOrientationPortraitUpsideDown UIInterfaceOrientationLandscapeLeft UIInterfaceOrientationLandscapeRight";
				INFOPLIST_KEY_UISupportedInterfaceOrientations_iPhone = "UIInterfaceOrientationPortrait UIInterfaceOrientationLandscapeLeft UIInterfaceOrientationLandscapeRight";
				LD_RUNPATH_SEARCH_PATHS = (
					"$(inherited)",
					"@executable_path/Frameworks",
				);
				MARKETING_VERSION = 1.0;
				PRODUCT_BUNDLE_IDENTIFIER = com.bonito.AppForTabs;
				PRODUCT_NAME = "$(TARGET_NAME)";
				SWIFT_EMIT_LOC_STRINGS = YES;
				SWIFT_VERSION = 5.0;
				TARGETED_DEVICE_FAMILY = "1,2";
			};
			name = Release;
		};
/* End XCBuildConfiguration section */

/* Begin XCConfigurationList section */
		3B1ACD8F2AC1F0D600240FA5 /* Build configuration list for PBXProject "AppForTabs" */ = {
			isa = XCConfigurationList;
			buildConfigurations = (
				3B1ACDA02AC1F0D700240FA5 /* Debug */,
				3B1ACDA12AC1F0D700240FA5 /* Release */,
			);
			defaultConfigurationIsVisible = 0;
			defaultConfigurationName = Release;
		};
		3B1ACDA22AC1F0D700240FA5 /* Build configuration list for PBXNativeTarget "AppForTabs" */ = {
			isa = XCConfigurationList;
			buildConfigurations = (
				3B1ACDA32AC1F0D700240FA5 /* Debug */,
				3B1ACDA42AC1F0D700240FA5 /* Release */,
			);
			defaultConfigurationIsVisible = 0;
			defaultConfigurationName = Release;
		};
/* End XCConfigurationList section */

/* Begin XCVersionGroup section */
		3B21159A2AC5FC04005B796F /* Model.xcdatamodeld */ = {
			isa = XCVersionGroup;
			children = (
				3B21159B2AC5FC04005B796F /* Model.xcdatamodel */,
			);
			currentVersion = 3B21159B2AC5FC04005B796F /* Model.xcdatamodel */;
			path = Model.xcdatamodeld;
			sourceTree = "<group>";
			versionGroupType = wrapper.xcdatamodel;
		};
/* End XCVersionGroup section */
	};
	rootObject = 3B1ACD8C2AC1F0D600240FA5 /* Project object */;
}
